
Microsoft Visual Studio Solution File, Format Version 11.00
# Visual Studio 2010
Project("{FAE04EC0-301F-11D3-BF4B-00C04F79EFBC}") = "OrderedJobsKata", "OrderedJobsKata.csproj", "{32C59E4F-2E1C-4DB4-9C4A-96F6A03E6321}"
EndProject
Global
	GlobalSection(SolutionConfigurationPlatforms) = preSolution
		Debug|Any CPU = Debug|Any CPU
		Release|Any CPU = Release|Any CPU
	EndGlobalSection
	GlobalSection(ProjectConfigurationPlatforms) = postSolution
		{32C59E4F-2E1C-4DB4-9C4A-96F6A03E6321}.Debug|Any CPU.ActiveCfg = Debug|Any CPU
		{32C59E4F-2E1C-4DB4-9C4A-96F6A03E6321}.Debug|Any CPU.Build.0 = Debug|Any CPU
		{32C59E4F-2E1C-4DB4-9C4A-96F6A03E6321}.Release|Any CPU.ActiveCfg = Release|Any CPU
		{32C59E4F-2E1C-4DB4-9C4A-96F6A03E6321}.Release|Any CPU.Build.0 = Release|Any CPU
	EndGlobalSection
	GlobalSection(SolutionProperties) = preSolution
		HideSolutionNode = FALSE
	EndGlobalSection
EndGlobal
